
Microsoft Visual Studio Solution File, Format Version 12.00
# Visual Studio Version 16
VisualStudioVersion = 16.0.30621.155
MinimumVisualStudioVersion = 10.0.40219.1
Project("{FAE04EC0-301F-11D3-BF4B-00C04F79EFBC}") = "SampleWebAppRuchiAzureProject", "SampleWebAppRuchiAzureProject\SampleWebAppRuchiAzureProject.csproj", "{6768DBA7-2BBB-40D2-9DC6-C81DF0C93417}"
EndProject
Global
	GlobalSection(SolutionConfigurationPlatforms) = preSolution
		Debug|Any CPU = Debug|Any CPU
		Release|Any CPU = Release|Any CPU
	EndGlobalSection
	GlobalSection(ProjectConfigurationPlatforms) = postSolution
		{6768DBA7-2BBB-40D2-9DC6-C81DF0C93417}.Debug|Any CPU.ActiveCfg = Debug|Any CPU
		{6768DBA7-2BBB-40D2-9DC6-C81DF0C93417}.Debug|Any CPU.Build.0 = Debug|Any CPU
		{6768DBA7-2BBB-40D2-9DC6-C81DF0C93417}.Release|Any CPU.ActiveCfg = Release|Any CPU
		{6768DBA7-2BBB-40D2-9DC6-C81DF0C93417}.Release|Any CPU.Build.0 = Release|Any CPU
	EndGlobalSection
	GlobalSection(SolutionProperties) = preSolution
		HideSolutionNode = FALSE
	EndGlobalSection
	GlobalSection(ExtensibilityGlobals) = postSolution
		SolutionGuid = {D841099B-0624-420A-BE2D-3B6CB119C964}
	EndGlobalSection
EndGlobal
